
Microsoft Visual Studio Solution File, Format Version 12.00
# Visual Studio Version 16
VisualStudioVersion = 16.0.31105.61
MinimumVisualStudioVersion = 10.0.40219.1
Project("{FAE04EC0-301F-11D3-BF4B-00C04F79EFBC}") = "ArtShop", "ArtShop\ArtShop.csproj", "{68424AC0-2136-41BF-9033-9FC1556C1CBF}"
EndProject
Global
	GlobalSection(SolutionConfigurationPlatforms) = preSolution
		Debug|Any CPU = Debug|Any CPU
		Release|Any CPU = Release|Any CPU
	EndGlobalSection
	GlobalSection(ProjectConfigurationPlatforms) = postSolution
		{68424AC0-2136-41BF-9033-9FC1556C1CBF}.Debug|Any CPU.ActiveCfg = Debug|Any CPU
		{68424AC0-2136-41BF-9033-9FC1556C1CBF}.Debug|Any CPU.Build.0 = Debug|Any CPU
		{68424AC0-2136-41BF-9033-9FC1556C1CBF}.Release|Any CPU.ActiveCfg = Release|Any CPU
		{68424AC0-2136-41BF-9033-9FC1556C1CBF}.Release|Any CPU.Build.0 = Release|Any CPU
	EndGlobalSection
	GlobalSection(SolutionProperties) = preSolution
		HideSolutionNode = FALSE
	EndGlobalSection
	GlobalSection(ExtensibilityGlobals) = postSolution
		SolutionGuid = {C140377A-C459-497C-9477-FE4F6A42F754}
	EndGlobalSection
EndGlobal
