
Microsoft Visual Studio Solution File, Format Version 12.00
# Visual Studio Version 16
VisualStudioVersion = 16.0.31112.23
MinimumVisualStudioVersion = 10.0.40219.1
Project("{9A19103F-16F7-4668-BE54-9A1E7A4F7556}") = "ShopWebApp", "ShopWebApp\ShopWebApp.csproj", "{BBF139B4-95AC-489D-86DD-837F9B027B6E}"
EndProject
Global
	GlobalSection(SolutionConfigurationPlatforms) = preSolution
		Debug|Any CPU = Debug|Any CPU
		Release|Any CPU = Release|Any CPU
	EndGlobalSection
	GlobalSection(ProjectConfigurationPlatforms) = postSolution
		{BBF139B4-95AC-489D-86DD-837F9B027B6E}.Debug|Any CPU.ActiveCfg = Debug|Any CPU
		{BBF139B4-95AC-489D-86DD-837F9B027B6E}.Debug|Any CPU.Build.0 = Debug|Any CPU
		{BBF139B4-95AC-489D-86DD-837F9B027B6E}.Release|Any CPU.ActiveCfg = Release|Any CPU
		{BBF139B4-95AC-489D-86DD-837F9B027B6E}.Release|Any CPU.Build.0 = Release|Any CPU
	EndGlobalSection
	GlobalSection(SolutionProperties) = preSolution
		HideSolutionNode = FALSE
	EndGlobalSection
	GlobalSection(ExtensibilityGlobals) = postSolution
		SolutionGuid = {6E82F21A-A500-4671-9133-943EB9189955}
	EndGlobalSection
EndGlobal
