
Microsoft Visual Studio Solution File, Format Version 12.00
# Visual Studio Version 16
VisualStudioVersion = 16.0.31105.61
MinimumVisualStudioVersion = 10.0.40219.1
Project("{FAE04EC0-301F-11D3-BF4B-00C04F79EFBC}") = "ShopApp", "ShopApp\ShopApp.csproj", "{7A997CD6-E462-4333-8E29-559976479994}"
EndProject
Project("{FAE04EC0-301F-11D3-BF4B-00C04F79EFBC}") = "DAL", "DAL\DAL.csproj", "{8AF6F429-3772-488E-90E6-AB15FDFFAE0E}"
EndProject
Project("{FAE04EC0-301F-11D3-BF4B-00C04F79EFBC}") = "BOL", "BOL\BOL.csproj", "{CB6CC3E7-0D95-48A7-ACFB-D0125498C463}"
EndProject
Global
	GlobalSection(SolutionConfigurationPlatforms) = preSolution
		Debug|Any CPU = Debug|Any CPU
		Release|Any CPU = Release|Any CPU
	EndGlobalSection
	GlobalSection(ProjectConfigurationPlatforms) = postSolution
		{7A997CD6-E462-4333-8E29-559976479994}.Debug|Any CPU.ActiveCfg = Debug|Any CPU
		{7A997CD6-E462-4333-8E29-559976479994}.Debug|Any CPU.Build.0 = Debug|Any CPU
		{7A997CD6-E462-4333-8E29-559976479994}.Release|Any CPU.ActiveCfg = Release|Any CPU
		{7A997CD6-E462-4333-8E29-559976479994}.Release|Any CPU.Build.0 = Release|Any CPU
		{8AF6F429-3772-488E-90E6-AB15FDFFAE0E}.Debug|Any CPU.ActiveCfg = Debug|Any CPU
		{8AF6F429-3772-488E-90E6-AB15FDFFAE0E}.Debug|Any CPU.Build.0 = Debug|Any CPU
		{8AF6F429-3772-488E-90E6-AB15FDFFAE0E}.Release|Any CPU.ActiveCfg = Release|Any CPU
		{8AF6F429-3772-488E-90E6-AB15FDFFAE0E}.Release|Any CPU.Build.0 = Release|Any CPU
		{CB6CC3E7-0D95-48A7-ACFB-D0125498C463}.Debug|Any CPU.ActiveCfg = Debug|Any CPU
		{CB6CC3E7-0D95-48A7-ACFB-D0125498C463}.Debug|Any CPU.Build.0 = Debug|Any CPU
		{CB6CC3E7-0D95-48A7-ACFB-D0125498C463}.Release|Any CPU.ActiveCfg = Release|Any CPU
		{CB6CC3E7-0D95-48A7-ACFB-D0125498C463}.Release|Any CPU.Build.0 = Release|Any CPU
	EndGlobalSection
	GlobalSection(SolutionProperties) = preSolution
		HideSolutionNode = FALSE
	EndGlobalSection
	GlobalSection(ExtensibilityGlobals) = postSolution
		SolutionGuid = {41C9D32F-4296-4EA7-8979-ECCB96629E3D}
	EndGlobalSection
EndGlobal
